
Microsoft Visual Studio Solution File, Format Version 12.00
# Visual Studio Version 16
VisualStudioVersion = 25.0.1706.4
MinimumVisualStudioVersion = 10.0.40219.1
Project("{FAE04EC0-301F-11D3-BF4B-00C04F79EFBC}") = "LightHTML", "LightHTML\LightHTML.csproj", "{C5062FB3-30E7-45B3-BAA7-B497FDAA56C7}"
EndProject
Global
	GlobalSection(SolutionConfigurationPlatforms) = preSolution
		Debug|Any CPU = Debug|Any CPU
		Release|Any CPU = Release|Any CPU
	EndGlobalSection
	GlobalSection(ProjectConfigurationPlatforms) = postSolution
		{C5062FB3-30E7-45B3-BAA7-B497FDAA56C7}.Debug|Any CPU.ActiveCfg = Debug|Any CPU
		{C5062FB3-30E7-45B3-BAA7-B497FDAA56C7}.Debug|Any CPU.Build.0 = Debug|Any CPU
		{C5062FB3-30E7-45B3-BAA7-B497FDAA56C7}.Release|Any CPU.ActiveCfg = Release|Any CPU
		{C5062FB3-30E7-45B3-BAA7-B497FDAA56C7}.Release|Any CPU.Build.0 = Release|Any CPU
	EndGlobalSection
	GlobalSection(SolutionProperties) = preSolution
		HideSolutionNode = FALSE
	EndGlobalSection
	GlobalSection(ExtensibilityGlobals) = postSolution
		SolutionGuid = {A070952B-CB29-4782-B919-681BE27DF7D0}
	EndGlobalSection
EndGlobal
