
Microsoft Visual Studio Solution File, Format Version 12.00
# Visual Studio Version 16
VisualStudioVersion = 25.0.1706.4
MinimumVisualStudioVersion = 10.0.40219.1
Project("{FAE04EC0-301F-11D3-BF4B-00C04F79EFBC}") = "QrCodeGenerator", "QrCodeGenerator\QrCodeGenerator.csproj", "{851A71AD-7FCB-4C63-8F5F-64DB47DC627F}"
EndProject
Global
	GlobalSection(SolutionConfigurationPlatforms) = preSolution
		Debug|Any CPU = Debug|Any CPU
		Release|Any CPU = Release|Any CPU
	EndGlobalSection
	GlobalSection(ProjectConfigurationPlatforms) = postSolution
		{851A71AD-7FCB-4C63-8F5F-64DB47DC627F}.Debug|Any CPU.ActiveCfg = Debug|Any CPU
		{851A71AD-7FCB-4C63-8F5F-64DB47DC627F}.Debug|Any CPU.Build.0 = Debug|Any CPU
		{851A71AD-7FCB-4C63-8F5F-64DB47DC627F}.Release|Any CPU.ActiveCfg = Release|Any CPU
		{851A71AD-7FCB-4C63-8F5F-64DB47DC627F}.Release|Any CPU.Build.0 = Release|Any CPU
	EndGlobalSection
	GlobalSection(SolutionProperties) = preSolution
		HideSolutionNode = FALSE
	EndGlobalSection
	GlobalSection(ExtensibilityGlobals) = postSolution
		SolutionGuid = {96D85E8A-1CB4-4068-8941-3BE627709812}
	EndGlobalSection
EndGlobal
